
Microsoft Visual Studio Solution File, Format Version 12.00
# Visual Studio Version 17
VisualStudioVersion = 17.0.31903.59
MinimumVisualStudioVersion = 10.0.40219.1
Project("{2150E333-8FDC-42A3-9474-1A3956D46DE8}") = "src", "src", "{827E0CD3-B72D-47B6-A68D-7590B98EB39B}"
EndProject
EndProject
Project("{2150E333-8FDC-42A3-9474-1A3956D46DE8}") = "Api", "Api", "{E6B48023-E680-40DA-9E17-319585C26937}"
EndProject
Project("{FAE04EC0-301F-11D3-BF4B-00C04F79EFBC}") = "Bud.Api", "src\Api\Bud.Api\Bud.Api.csproj", "{02DBA762-A0A6-4503-A660-7D91781F0284}"
EndProject
Project("{FAE04EC0-301F-11D3-BF4B-00C04F79EFBC}") = "Bud.Application", "src\Api\Bud.Application\Bud.Application.csproj", "{626F2183-09DC-4DC1-94D4-7CD820709E86}"
EndProject
Project("{FAE04EC0-301F-11D3-BF4B-00C04F79EFBC}") = "Bud.Domain", "src\Api\Bud.Domain\Bud.Domain.csproj", "{4EBCC779-F30E-4D41-A727-1BE049EFF942}"
EndProject
Project("{FAE04EC0-301F-11D3-BF4B-00C04F79EFBC}") = "Bud.Infrastructure", "src\Api\Bud.Infrastructure\Bud.Infrastructure.csproj", "{09ECFC19-D9A2-4BB9-A6BC-57B90002A9F0}"
EndProject
Project("{2150E333-8FDC-42A3-9474-1A3956D46DE8}") = "tests", "tests", "{0AB3BF05-4346-4AA6-1389-037BE0695223}"
EndProject
EndProject
Project("{2150E333-8FDC-42A3-9474-1A3956D46DE8}") = "Api", "Api", "{87008D2B-D29E-68B5-A223-E2B1CD68373E}"
EndProject
Project("{FAE04EC0-301F-11D3-BF4B-00C04F79EFBC}") = "Bud.Api.IntegrationTests", "tests\Api\Bud.Api.IntegrationTests\Bud.Api.IntegrationTests.csproj", "{0E536519-AC4D-41D5-9573-632317854898}"
EndProject
Project("{FAE04EC0-301F-11D3-BF4B-00C04F79EFBC}") = "Bud.Api.UnitTests", "tests\Api\Bud.Api.UnitTests\Bud.Api.UnitTests.csproj", "{946E115C-0756-436F-A2BB-ECD67B0DD453}"
EndProject
Project("{FAE04EC0-301F-11D3-BF4B-00C04F79EFBC}") = "Bud.Application.UnitTests", "tests\Api\Bud.Application.UnitTests\Bud.Application.UnitTests.csproj", "{AD2E8BD1-5720-4086-BB85-AD9FD9078142}"
EndProject
Project("{FAE04EC0-301F-11D3-BF4B-00C04F79EFBC}") = "Bud.ArchitectureTests", "tests\Api\Bud.ArchitectureTests\Bud.ArchitectureTests.csproj", "{2F76A260-1516-4855-B241-F5FF892BA300}"
EndProject
Project("{FAE04EC0-301F-11D3-BF4B-00C04F79EFBC}") = "Bud.Domain.UnitTests", "tests\Api\Bud.Domain.UnitTests\Bud.Domain.UnitTests.csproj", "{5D29473D-FB5B-4929-A00F-F8F8A0B70571}"
EndProject
Project("{FAE04EC0-301F-11D3-BF4B-00C04F79EFBC}") = "Bud.Infrastructure.UnitTests", "tests\Api\Bud.Infrastructure.UnitTests\Bud.Infrastructure.UnitTests.csproj", "{61929397-FA28-4284-8F12-1E643B481C62}"
EndProject
EndProject
Project("{2150E333-8FDC-42A3-9474-1A3956D46DE8}") = "Mcp", "Mcp", "{6D6ED4FF-05E4-4186-B3DE-F6D57321F03D}"
EndProject
Project("{FAE04EC0-301F-11D3-BF4B-00C04F79EFBC}") = "Bud.Mcp", "src\Mcp\Bud.Mcp\Bud.Mcp.csproj", "{7879701E-2F00-4F30-B4D0-5C560B2DC3E0}"
EndProject
Project("{2150E333-8FDC-42A3-9474-1A3956D46DE8}") = "Shared", "Shared", "{C8E42992-5E42-0C2B-DBFE-AA848D06431C}"
EndProject
Project("{FAE04EC0-301F-11D3-BF4B-00C04F79EFBC}") = "Bud.Shared.Contracts", "src\Shared\Bud.Shared.Contracts\Bud.Shared.Contracts.csproj", "{B7587E61-A6BB-4527-9BC3-A9CD1F3FD399}"
EndProject
Project("{FAE04EC0-301F-11D3-BF4B-00C04F79EFBC}") = "Bud.Shared.Kernel", "src\Shared\Bud.Shared.Kernel\Bud.Shared.Kernel.csproj", "{492C3871-EFE6-4167-AFE5-9BB849674ED5}"
EndProject
EndProject
Project("{2150E333-8FDC-42A3-9474-1A3956D46DE8}") = "Mcp", "Mcp", "{0E4D4271-E6A6-4C6D-A4A1-8C6B97DE8743}"
EndProject
Project("{FAE04EC0-301F-11D3-BF4B-00C04F79EFBC}") = "Bud.Mcp.Tests", "tests\Mcp\Bud.Mcp.Tests\Bud.Mcp.Tests.csproj", "{BF60C3EE-0641-4576-AA2F-56E0B5CDE318}"
EndProject
Global
	GlobalSection(SolutionConfigurationPlatforms) = preSolution
		Debug|Any CPU = Debug|Any CPU
		Debug|x64 = Debug|x64
		Debug|x86 = Debug|x86
		Release|Any CPU = Release|Any CPU
		Release|x64 = Release|x64
		Release|x86 = Release|x86
	EndGlobalSection
	GlobalSection(ProjectConfigurationPlatforms) = postSolution
		{02DBA762-A0A6-4503-A660-7D91781F0284}.Debug|Any CPU.ActiveCfg = Debug|Any CPU
		{02DBA762-A0A6-4503-A660-7D91781F0284}.Debug|Any CPU.Build.0 = Debug|Any CPU
		{02DBA762-A0A6-4503-A660-7D91781F0284}.Debug|x64.ActiveCfg = Debug|Any CPU
		{02DBA762-A0A6-4503-A660-7D91781F0284}.Debug|x64.Build.0 = Debug|Any CPU
		{02DBA762-A0A6-4503-A660-7D91781F0284}.Debug|x86.ActiveCfg = Debug|Any CPU
		{02DBA762-A0A6-4503-A660-7D91781F0284}.Debug|x86.Build.0 = Debug|Any CPU
		{02DBA762-A0A6-4503-A660-7D91781F0284}.Release|Any CPU.ActiveCfg = Release|Any CPU
		{02DBA762-A0A6-4503-A660-7D91781F0284}.Release|Any CPU.Build.0 = Release|Any CPU
		{02DBA762-A0A6-4503-A660-7D91781F0284}.Release|x64.ActiveCfg = Release|Any CPU
		{02DBA762-A0A6-4503-A660-7D91781F0284}.Release|x64.Build.0 = Release|Any CPU
		{02DBA762-A0A6-4503-A660-7D91781F0284}.Release|x86.ActiveCfg = Release|Any CPU
		{02DBA762-A0A6-4503-A660-7D91781F0284}.Release|x86.Build.0 = Release|Any CPU
		{626F2183-09DC-4DC1-94D4-7CD820709E86}.Debug|Any CPU.ActiveCfg = Debug|Any CPU
		{626F2183-09DC-4DC1-94D4-7CD820709E86}.Debug|Any CPU.Build.0 = Debug|Any CPU
		{626F2183-09DC-4DC1-94D4-7CD820709E86}.Debug|x64.ActiveCfg = Debug|Any CPU
		{626F2183-09DC-4DC1-94D4-7CD820709E86}.Debug|x64.Build.0 = Debug|Any CPU
		{626F2183-09DC-4DC1-94D4-7CD820709E86}.Debug|x86.ActiveCfg = Debug|Any CPU
		{626F2183-09DC-4DC1-94D4-7CD820709E86}.Debug|x86.Build.0 = Debug|Any CPU
		{626F2183-09DC-4DC1-94D4-7CD820709E86}.Release|Any CPU.ActiveCfg = Release|Any CPU
		{626F2183-09DC-4DC1-94D4-7CD820709E86}.Release|Any CPU.Build.0 = Release|Any CPU
		{626F2183-09DC-4DC1-94D4-7CD820709E86}.Release|x64.ActiveCfg = Release|Any CPU
		{626F2183-09DC-4DC1-94D4-7CD820709E86}.Release|x64.Build.0 = Release|Any CPU
		{626F2183-09DC-4DC1-94D4-7CD820709E86}.Release|x86.ActiveCfg = Release|Any CPU
		{626F2183-09DC-4DC1-94D4-7CD820709E86}.Release|x86.Build.0 = Release|Any CPU
		{4EBCC779-F30E-4D41-A727-1BE049EFF942}.Debug|Any CPU.ActiveCfg = Debug|Any CPU
		{4EBCC779-F30E-4D41-A727-1BE049EFF942}.Debug|Any CPU.Build.0 = Debug|Any CPU
		{4EBCC779-F30E-4D41-A727-1BE049EFF942}.Debug|x64.ActiveCfg = Debug|Any CPU
		{4EBCC779-F30E-4D41-A727-1BE049EFF942}.Debug|x64.Build.0 = Debug|Any CPU
		{4EBCC779-F30E-4D41-A727-1BE049EFF942}.Debug|x86.ActiveCfg = Debug|Any CPU
		{4EBCC779-F30E-4D41-A727-1BE049EFF942}.Debug|x86.Build.0 = Debug|Any CPU
		{4EBCC779-F30E-4D41-A727-1BE049EFF942}.Release|Any CPU.ActiveCfg = Release|Any CPU
		{4EBCC779-F30E-4D41-A727-1BE049EFF942}.Release|Any CPU.Build.0 = Release|Any CPU
		{4EBCC779-F30E-4D41-A727-1BE049EFF942}.Release|x64.ActiveCfg = Release|Any CPU
		{4EBCC779-F30E-4D41-A727-1BE049EFF942}.Release|x64.Build.0 = Release|Any CPU
		{4EBCC779-F30E-4D41-A727-1BE049EFF942}.Release|x86.ActiveCfg = Release|Any CPU
		{4EBCC779-F30E-4D41-A727-1BE049EFF942}.Release|x86.Build.0 = Release|Any CPU
		{09ECFC19-D9A2-4BB9-A6BC-57B90002A9F0}.Debug|Any CPU.ActiveCfg = Debug|Any CPU
		{09ECFC19-D9A2-4BB9-A6BC-57B90002A9F0}.Debug|Any CPU.Build.0 = Debug|Any CPU
		{09ECFC19-D9A2-4BB9-A6BC-57B90002A9F0}.Debug|x64.ActiveCfg = Debug|Any CPU
		{09ECFC19-D9A2-4BB9-A6BC-57B90002A9F0}.Debug|x64.Build.0 = Debug|Any CPU
		{09ECFC19-D9A2-4BB9-A6BC-57B90002A9F0}.Debug|x86.ActiveCfg = Debug|Any CPU
		{09ECFC19-D9A2-4BB9-A6BC-57B90002A9F0}.Debug|x86.Build.0 = Debug|Any CPU
		{09ECFC19-D9A2-4BB9-A6BC-57B90002A9F0}.Release|Any CPU.ActiveCfg = Release|Any CPU
		{09ECFC19-D9A2-4BB9-A6BC-57B90002A9F0}.Release|Any CPU.Build.0 = Release|Any CPU
		{09ECFC19-D9A2-4BB9-A6BC-57B90002A9F0}.Release|x64.ActiveCfg = Release|Any CPU
		{09ECFC19-D9A2-4BB9-A6BC-57B90002A9F0}.Release|x64.Build.0 = Release|Any CPU
		{09ECFC19-D9A2-4BB9-A6BC-57B90002A9F0}.Release|x86.ActiveCfg = Release|Any CPU
		{09ECFC19-D9A2-4BB9-A6BC-57B90002A9F0}.Release|x86.Build.0 = Release|Any CPU
		{0E536519-AC4D-41D5-9573-632317854898}.Debug|Any CPU.ActiveCfg = Debug|Any CPU
		{0E536519-AC4D-41D5-9573-632317854898}.Debug|Any CPU.Build.0 = Debug|Any CPU
		{0E536519-AC4D-41D5-9573-632317854898}.Debug|x64.ActiveCfg = Debug|Any CPU
		{0E536519-AC4D-41D5-9573-632317854898}.Debug|x64.Build.0 = Debug|Any CPU
		{0E536519-AC4D-41D5-9573-632317854898}.Debug|x86.ActiveCfg = Debug|Any CPU
		{0E536519-AC4D-41D5-9573-632317854898}.Debug|x86.Build.0 = Debug|Any CPU
		{0E536519-AC4D-41D5-9573-632317854898}.Release|Any CPU.ActiveCfg = Release|Any CPU
		{0E536519-AC4D-41D5-9573-632317854898}.Release|Any CPU.Build.0 = Release|Any CPU
		{0E536519-AC4D-41D5-9573-632317854898}.Release|x64.ActiveCfg = Release|Any CPU
		{0E536519-AC4D-41D5-9573-632317854898}.Release|x64.Build.0 = Release|Any CPU
		{0E536519-AC4D-41D5-9573-632317854898}.Release|x86.ActiveCfg = Release|Any CPU
		{0E536519-AC4D-41D5-9573-632317854898}.Release|x86.Build.0 = Release|Any CPU
		{946E115C-0756-436F-A2BB-ECD67B0DD453}.Debug|Any CPU.ActiveCfg = Debug|Any CPU
		{946E115C-0756-436F-A2BB-ECD67B0DD453}.Debug|Any CPU.Build.0 = Debug|Any CPU
		{946E115C-0756-436F-A2BB-ECD67B0DD453}.Debug|x64.ActiveCfg = Debug|Any CPU
		{946E115C-0756-436F-A2BB-ECD67B0DD453}.Debug|x64.Build.0 = Debug|Any CPU
		{946E115C-0756-436F-A2BB-ECD67B0DD453}.Debug|x86.ActiveCfg = Debug|Any CPU
		{946E115C-0756-436F-A2BB-ECD67B0DD453}.Debug|x86.Build.0 = Debug|Any CPU
		{946E115C-0756-436F-A2BB-ECD67B0DD453}.Release|Any CPU.ActiveCfg = Release|Any CPU
		{946E115C-0756-436F-A2BB-ECD67B0DD453}.Release|Any CPU.Build.0 = Release|Any CPU
		{946E115C-0756-436F-A2BB-ECD67B0DD453}.Release|x64.ActiveCfg = Release|Any CPU
		{946E115C-0756-436F-A2BB-ECD67B0DD453}.Release|x64.Build.0 = Release|Any CPU
		{946E115C-0756-436F-A2BB-ECD67B0DD453}.Release|x86.ActiveCfg = Release|Any CPU
		{946E115C-0756-436F-A2BB-ECD67B0DD453}.Release|x86.Build.0 = Release|Any CPU
		{AD2E8BD1-5720-4086-BB85-AD9FD9078142}.Debug|Any CPU.ActiveCfg = Debug|Any CPU
		{AD2E8BD1-5720-4086-BB85-AD9FD9078142}.Debug|Any CPU.Build.0 = Debug|Any CPU
		{AD2E8BD1-5720-4086-BB85-AD9FD9078142}.Debug|x64.ActiveCfg = Debug|Any CPU
		{AD2E8BD1-5720-4086-BB85-AD9FD9078142}.Debug|x64.Build.0 = Debug|Any CPU
		{AD2E8BD1-5720-4086-BB85-AD9FD9078142}.Debug|x86.ActiveCfg = Debug|Any CPU
		{AD2E8BD1-5720-4086-BB85-AD9FD9078142}.Debug|x86.Build.0 = Debug|Any CPU
		{AD2E8BD1-5720-4086-BB85-AD9FD9078142}.Release|Any CPU.ActiveCfg = Release|Any CPU
		{AD2E8BD1-5720-4086-BB85-AD9FD9078142}.Release|Any CPU.Build.0 = Release|Any CPU
		{AD2E8BD1-5720-4086-BB85-AD9FD9078142}.Release|x64.ActiveCfg = Release|Any CPU
		{AD2E8BD1-5720-4086-BB85-AD9FD9078142}.Release|x64.Build.0 = Release|Any CPU
		{AD2E8BD1-5720-4086-BB85-AD9FD9078142}.Release|x86.ActiveCfg = Release|Any CPU
		{AD2E8BD1-5720-4086-BB85-AD9FD9078142}.Release|x86.Build.0 = Release|Any CPU
		{2F76A260-1516-4855-B241-F5FF892BA300}.Debug|Any CPU.ActiveCfg = Debug|Any CPU
		{2F76A260-1516-4855-B241-F5FF892BA300}.Debug|Any CPU.Build.0 = Debug|Any CPU
		{2F76A260-1516-4855-B241-F5FF892BA300}.Debug|x64.ActiveCfg = Debug|Any CPU
		{2F76A260-1516-4855-B241-F5FF892BA300}.Debug|x64.Build.0 = Debug|Any CPU
		{2F76A260-1516-4855-B241-F5FF892BA300}.Debug|x86.ActiveCfg = Debug|Any CPU
		{2F76A260-1516-4855-B241-F5FF892BA300}.Debug|x86.Build.0 = Debug|Any CPU
		{2F76A260-1516-4855-B241-F5FF892BA300}.Release|Any CPU.ActiveCfg = Release|Any CPU
		{2F76A260-1516-4855-B241-F5FF892BA300}.Release|Any CPU.Build.0 = Release|Any CPU
		{2F76A260-1516-4855-B241-F5FF892BA300}.Release|x64.ActiveCfg = Release|Any CPU
		{2F76A260-1516-4855-B241-F5FF892BA300}.Release|x64.Build.0 = Release|Any CPU
		{2F76A260-1516-4855-B241-F5FF892BA300}.Release|x86.ActiveCfg = Release|Any CPU
		{2F76A260-1516-4855-B241-F5FF892BA300}.Release|x86.Build.0 = Release|Any CPU
		{5D29473D-FB5B-4929-A00F-F8F8A0B70571}.Debug|Any CPU.ActiveCfg = Debug|Any CPU
		{5D29473D-FB5B-4929-A00F-F8F8A0B70571}.Debug|Any CPU.Build.0 = Debug|Any CPU
		{5D29473D-FB5B-4929-A00F-F8F8A0B70571}.Debug|x64.ActiveCfg = Debug|Any CPU
		{5D29473D-FB5B-4929-A00F-F8F8A0B70571}.Debug|x64.Build.0 = Debug|Any CPU
		{5D29473D-FB5B-4929-A00F-F8F8A0B70571}.Debug|x86.ActiveCfg = Debug|Any CPU
		{5D29473D-FB5B-4929-A00F-F8F8A0B70571}.Debug|x86.Build.0 = Debug|Any CPU
		{5D29473D-FB5B-4929-A00F-F8F8A0B70571}.Release|Any CPU.ActiveCfg = Release|Any CPU
		{5D29473D-FB5B-4929-A00F-F8F8A0B70571}.Release|Any CPU.Build.0 = Release|Any CPU
		{5D29473D-FB5B-4929-A00F-F8F8A0B70571}.Release|x64.ActiveCfg = Release|Any CPU
		{5D29473D-FB5B-4929-A00F-F8F8A0B70571}.Release|x64.Build.0 = Release|Any CPU
		{5D29473D-FB5B-4929-A00F-F8F8A0B70571}.Release|x86.ActiveCfg = Release|Any CPU
		{5D29473D-FB5B-4929-A00F-F8F8A0B70571}.Release|x86.Build.0 = Release|Any CPU
		{61929397-FA28-4284-8F12-1E643B481C62}.Debug|Any CPU.ActiveCfg = Debug|Any CPU
		{61929397-FA28-4284-8F12-1E643B481C62}.Debug|Any CPU.Build.0 = Debug|Any CPU
		{61929397-FA28-4284-8F12-1E643B481C62}.Debug|x64.ActiveCfg = Debug|Any CPU
		{61929397-FA28-4284-8F12-1E643B481C62}.Debug|x64.Build.0 = Debug|Any CPU
		{61929397-FA28-4284-8F12-1E643B481C62}.Debug|x86.ActiveCfg = Debug|Any CPU
		{61929397-FA28-4284-8F12-1E643B481C62}.Debug|x86.Build.0 = Debug|Any CPU
		{61929397-FA28-4284-8F12-1E643B481C62}.Release|Any CPU.ActiveCfg = Release|Any CPU
		{61929397-FA28-4284-8F12-1E643B481C62}.Release|Any CPU.Build.0 = Release|Any CPU
		{61929397-FA28-4284-8F12-1E643B481C62}.Release|x64.ActiveCfg = Release|Any CPU
		{61929397-FA28-4284-8F12-1E643B481C62}.Release|x64.Build.0 = Release|Any CPU
		{61929397-FA28-4284-8F12-1E643B481C62}.Release|x86.ActiveCfg = Release|Any CPU
		{61929397-FA28-4284-8F12-1E643B481C62}.Release|x86.Build.0 = Release|Any CPU
		{7879701E-2F00-4F30-B4D0-5C560B2DC3E0}.Debug|Any CPU.ActiveCfg = Debug|Any CPU
		{7879701E-2F00-4F30-B4D0-5C560B2DC3E0}.Debug|Any CPU.Build.0 = Debug|Any CPU
		{7879701E-2F00-4F30-B4D0-5C560B2DC3E0}.Debug|x64.ActiveCfg = Debug|Any CPU
		{7879701E-2F00-4F30-B4D0-5C560B2DC3E0}.Debug|x64.Build.0 = Debug|Any CPU
		{7879701E-2F00-4F30-B4D0-5C560B2DC3E0}.Debug|x86.ActiveCfg = Debug|Any CPU
		{7879701E-2F00-4F30-B4D0-5C560B2DC3E0}.Debug|x86.Build.0 = Debug|Any CPU
		{7879701E-2F00-4F30-B4D0-5C560B2DC3E0}.Release|Any CPU.ActiveCfg = Release|Any CPU
		{7879701E-2F00-4F30-B4D0-5C560B2DC3E0}.Release|Any CPU.Build.0 = Release|Any CPU
		{7879701E-2F00-4F30-B4D0-5C560B2DC3E0}.Release|x64.ActiveCfg = Release|Any CPU
		{7879701E-2F00-4F30-B4D0-5C560B2DC3E0}.Release|x64.Build.0 = Release|Any CPU
		{7879701E-2F00-4F30-B4D0-5C560B2DC3E0}.Release|x86.ActiveCfg = Release|Any CPU
		{7879701E-2F00-4F30-B4D0-5C560B2DC3E0}.Release|x86.Build.0 = Release|Any CPU
		{B7587E61-A6BB-4527-9BC3-A9CD1F3FD399}.Debug|Any CPU.ActiveCfg = Debug|Any CPU
		{B7587E61-A6BB-4527-9BC3-A9CD1F3FD399}.Debug|Any CPU.Build.0 = Debug|Any CPU
		{B7587E61-A6BB-4527-9BC3-A9CD1F3FD399}.Debug|x64.ActiveCfg = Debug|Any CPU
		{B7587E61-A6BB-4527-9BC3-A9CD1F3FD399}.Debug|x64.Build.0 = Debug|Any CPU
		{B7587E61-A6BB-4527-9BC3-A9CD1F3FD399}.Debug|x86.ActiveCfg = Debug|Any CPU
		{B7587E61-A6BB-4527-9BC3-A9CD1F3FD399}.Debug|x86.Build.0 = Debug|Any CPU
		{B7587E61-A6BB-4527-9BC3-A9CD1F3FD399}.Release|Any CPU.ActiveCfg = Release|Any CPU
		{B7587E61-A6BB-4527-9BC3-A9CD1F3FD399}.Release|Any CPU.Build.0 = Release|Any CPU
		{B7587E61-A6BB-4527-9BC3-A9CD1F3FD399}.Release|x64.ActiveCfg = Release|Any CPU
		{B7587E61-A6BB-4527-9BC3-A9CD1F3FD399}.Release|x64.Build.0 = Release|Any CPU
		{B7587E61-A6BB-4527-9BC3-A9CD1F3FD399}.Release|x86.ActiveCfg = Release|Any CPU
		{B7587E61-A6BB-4527-9BC3-A9CD1F3FD399}.Release|x86.Build.0 = Release|Any CPU
		{492C3871-EFE6-4167-AFE5-9BB849674ED5}.Debug|Any CPU.ActiveCfg = Debug|Any CPU
		{492C3871-EFE6-4167-AFE5-9BB849674ED5}.Debug|Any CPU.Build.0 = Debug|Any CPU
		{492C3871-EFE6-4167-AFE5-9BB849674ED5}.Debug|x64.ActiveCfg = Debug|Any CPU
		{492C3871-EFE6-4167-AFE5-9BB849674ED5}.Debug|x64.Build.0 = Debug|Any CPU
		{492C3871-EFE6-4167-AFE5-9BB849674ED5}.Debug|x86.ActiveCfg = Debug|Any CPU
		{492C3871-EFE6-4167-AFE5-9BB849674ED5}.Debug|x86.Build.0 = Debug|Any CPU
		{492C3871-EFE6-4167-AFE5-9BB849674ED5}.Release|Any CPU.ActiveCfg = Release|Any CPU
		{492C3871-EFE6-4167-AFE5-9BB849674ED5}.Release|Any CPU.Build.0 = Release|Any CPU
		{492C3871-EFE6-4167-AFE5-9BB849674ED5}.Release|x64.ActiveCfg = Release|Any CPU
		{492C3871-EFE6-4167-AFE5-9BB849674ED5}.Release|x64.Build.0 = Release|Any CPU
		{492C3871-EFE6-4167-AFE5-9BB849674ED5}.Release|x86.ActiveCfg = Release|Any CPU
		{492C3871-EFE6-4167-AFE5-9BB849674ED5}.Release|x86.Build.0 = Release|Any CPU
		{BF60C3EE-0641-4576-AA2F-56E0B5CDE318}.Debug|Any CPU.ActiveCfg = Debug|Any CPU
		{BF60C3EE-0641-4576-AA2F-56E0B5CDE318}.Debug|Any CPU.Build.0 = Debug|Any CPU
		{BF60C3EE-0641-4576-AA2F-56E0B5CDE318}.Debug|x64.ActiveCfg = Debug|Any CPU
		{BF60C3EE-0641-4576-AA2F-56E0B5CDE318}.Debug|x64.Build.0 = Debug|Any CPU
		{BF60C3EE-0641-4576-AA2F-56E0B5CDE318}.Debug|x86.ActiveCfg = Debug|Any CPU
		{BF60C3EE-0641-4576-AA2F-56E0B5CDE318}.Debug|x86.Build.0 = Debug|Any CPU
		{BF60C3EE-0641-4576-AA2F-56E0B5CDE318}.Release|Any CPU.ActiveCfg = Release|Any CPU
		{BF60C3EE-0641-4576-AA2F-56E0B5CDE318}.Release|Any CPU.Build.0 = Release|Any CPU
		{BF60C3EE-0641-4576-AA2F-56E0B5CDE318}.Release|x64.ActiveCfg = Release|Any CPU
		{BF60C3EE-0641-4576-AA2F-56E0B5CDE318}.Release|x64.Build.0 = Release|Any CPU
		{BF60C3EE-0641-4576-AA2F-56E0B5CDE318}.Release|x86.ActiveCfg = Release|Any CPU
		{BF60C3EE-0641-4576-AA2F-56E0B5CDE318}.Release|x86.Build.0 = Release|Any CPU
	EndGlobalSection
	GlobalSection(SolutionProperties) = preSolution
		HideSolutionNode = FALSE
	EndGlobalSection
	GlobalSection(NestedProjects) = preSolution
		{E6B48023-E680-40DA-9E17-319585C26937} = {827E0CD3-B72D-47B6-A68D-7590B98EB39B}
		{02DBA762-A0A6-4503-A660-7D91781F0284} = {E6B48023-E680-40DA-9E17-319585C26937}
		{626F2183-09DC-4DC1-94D4-7CD820709E86} = {E6B48023-E680-40DA-9E17-319585C26937}
		{4EBCC779-F30E-4D41-A727-1BE049EFF942} = {E6B48023-E680-40DA-9E17-319585C26937}
		{09ECFC19-D9A2-4BB9-A6BC-57B90002A9F0} = {E6B48023-E680-40DA-9E17-319585C26937}
		{87008D2B-D29E-68B5-A223-E2B1CD68373E} = {0AB3BF05-4346-4AA6-1389-037BE0695223}
		{0E536519-AC4D-41D5-9573-632317854898} = {87008D2B-D29E-68B5-A223-E2B1CD68373E}
		{946E115C-0756-436F-A2BB-ECD67B0DD453} = {87008D2B-D29E-68B5-A223-E2B1CD68373E}
		{AD2E8BD1-5720-4086-BB85-AD9FD9078142} = {87008D2B-D29E-68B5-A223-E2B1CD68373E}
		{2F76A260-1516-4855-B241-F5FF892BA300} = {87008D2B-D29E-68B5-A223-E2B1CD68373E}
		{5D29473D-FB5B-4929-A00F-F8F8A0B70571} = {87008D2B-D29E-68B5-A223-E2B1CD68373E}
		{61929397-FA28-4284-8F12-1E643B481C62} = {87008D2B-D29E-68B5-A223-E2B1CD68373E}
		{6D6ED4FF-05E4-4186-B3DE-F6D57321F03D} = {827E0CD3-B72D-47B6-A68D-7590B98EB39B}
		{7879701E-2F00-4F30-B4D0-5C560B2DC3E0} = {6D6ED4FF-05E4-4186-B3DE-F6D57321F03D}
		{C8E42992-5E42-0C2B-DBFE-AA848D06431C} = {827E0CD3-B72D-47B6-A68D-7590B98EB39B}
		{B7587E61-A6BB-4527-9BC3-A9CD1F3FD399} = {C8E42992-5E42-0C2B-DBFE-AA848D06431C}
		{492C3871-EFE6-4167-AFE5-9BB849674ED5} = {C8E42992-5E42-0C2B-DBFE-AA848D06431C}
		{0E4D4271-E6A6-4C6D-A4A1-8C6B97DE8743} = {0AB3BF05-4346-4AA6-1389-037BE0695223}
		{BF60C3EE-0641-4576-AA2F-56E0B5CDE318} = {0E4D4271-E6A6-4C6D-A4A1-8C6B97DE8743}
	EndGlobalSection
EndGlobal
