
Microsoft Visual Studio Solution File, Format Version 12.00
# Visual Studio Version 17
VisualStudioVersion = 17.0.31903.59
MinimumVisualStudioVersion = 10.0.40219.1
Project("{2150E333-8FDC-42A3-9474-1A3956D46DE8}") = "src", "src", "{827E0CD3-B72D-47B6-A68D-7590B98EB39B}"
EndProject
Project("{2150E333-8FDC-42A3-9474-1A3956D46DE8}") = "Api", "Api", "{E6B48023-E680-40DA-9E17-319585C26937}"
EndProject
Project("{FAE04EC0-301F-11D3-BF4B-00C04F79EFBC}") = "Bud.Api", "src\Api\Bud.Api\Bud.Api.csproj", "{02DBA762-A0A6-4503-A660-7D91781F0284}"
EndProject
Project("{FAE04EC0-301F-11D3-BF4B-00C04F79EFBC}") = "Bud.Application", "src\Api\Bud.Application\Bud.Application.csproj", "{626F2183-09DC-4DC1-94D4-7CD820709E86}"
EndProject
Project("{FAE04EC0-301F-11D3-BF4B-00C04F79EFBC}") = "Bud.Domain", "src\Api\Bud.Domain\Bud.Domain.csproj", "{4EBCC779-F30E-4D41-A727-1BE049EFF942}"
EndProject
Project("{FAE04EC0-301F-11D3-BF4B-00C04F79EFBC}") = "Bud.Infrastructure", "src\Api\Bud.Infrastructure\Bud.Infrastructure.csproj", "{09ECFC19-D9A2-4BB9-A6BC-57B90002A9F0}"
EndProject
Project("{2150E333-8FDC-42A3-9474-1A3956D46DE8}") = "tests", "tests", "{0AB3BF05-4346-4AA6-1389-037BE0695223}"
EndProject
Project("{2150E333-8FDC-42A3-9474-1A3956D46DE8}") = "Mcp", "Mcp", "{6D6ED4FF-05E4-4186-B3DE-F6D57321F03D}"
EndProject
Project("{FAE04EC0-301F-11D3-BF4B-00C04F79EFBC}") = "Bud.Mcp", "src\Mcp\Bud.Mcp\Bud.Mcp.csproj", "{7879701E-2F00-4F30-B4D0-5C560B2DC3E0}"
EndProject
Project("{2150E333-8FDC-42A3-9474-1A3956D46DE8}") = "Shared", "Shared", "{C8E42992-5E42-0C2B-DBFE-AA848D06431C}"
EndProject
Project("{FAE04EC0-301F-11D3-BF4B-00C04F79EFBC}") = "Bud.Shared.Contracts", "src\Shared\Bud.Shared.Contracts\Bud.Shared.Contracts.csproj", "{B7587E61-A6BB-4527-9BC3-A9CD1F3FD399}"
EndProject
Project("{FAE04EC0-301F-11D3-BF4B-00C04F79EFBC}") = "Bud.Shared.Kernel", "src\Shared\Bud.Shared.Kernel\Bud.Shared.Kernel.csproj", "{492C3871-EFE6-4167-AFE5-9BB849674ED5}"
EndProject
Project("{2150E333-8FDC-42A3-9474-1A3956D46DE8}") = "Mcp", "Mcp", "{0E4D4271-E6A6-4C6D-A4A1-8C6B97DE8743}"
EndProject
Project("{FAE04EC0-301F-11D3-BF4B-00C04F79EFBC}") = "Bud.Mcp.Tests", "tests\Mcp\Bud.Mcp.Tests\Bud.Mcp.Tests.csproj", "{BF60C3EE-0641-4576-AA2F-56E0B5CDE318}"
EndProject
Project("{2150E333-8FDC-42A3-9474-1A3956D46DE8}") = "Shared", "Shared", "{D0D6B8B0-AC35-B3FA-0B96-A9B0E4A3253E}"
EndProject
Project("{FAE04EC0-301F-11D3-BF4B-00C04F79EFBC}") = "Bud.TestHelpers", "tests\Shared\Bud.TestHelpers\Bud.TestHelpers.csproj", "{4D230119-ACF5-44C9-B8DC-D850ED50569C}"
EndProject
Project("{2150E333-8FDC-42A3-9474-1A3956D46DE8}") = "Domain", "Domain", "{AA729693-B437-D1F0-D453-A817F88C4370}"
EndProject
Project("{FAE04EC0-301F-11D3-BF4B-00C04F79EFBC}") = "Bud.Domain.Tests", "tests\Domain\Bud.Domain.Tests\Bud.Domain.Tests.csproj", "{EACC262D-DF35-4D21-9D7A-94A6ADD13A90}"
EndProject
Project("{2150E333-8FDC-42A3-9474-1A3956D46DE8}") = "Application", "Application", "{B611CC27-D592-8FDF-F9F1-D39D131BCC02}"
EndProject
Project("{FAE04EC0-301F-11D3-BF4B-00C04F79EFBC}") = "Bud.Application.Tests", "tests\Application\Bud.Application.Tests\Bud.Application.Tests.csproj", "{8B326B5E-1F8C-4432-B316-BD772BF82BA8}"
EndProject
Project("{2150E333-8FDC-42A3-9474-1A3956D46DE8}") = "Infrastructure", "Infrastructure", "{2CDFC2B4-03A0-2A52-1000-A892D95DD3FA}"
EndProject
Project("{FAE04EC0-301F-11D3-BF4B-00C04F79EFBC}") = "Bud.Infrastructure.Tests", "tests\Infrastructure\Bud.Infrastructure.Tests\Bud.Infrastructure.Tests.csproj", "{2090F8EF-FDC4-42D2-BFA8-68A49821F7FB}"
EndProject
Project("{2150E333-8FDC-42A3-9474-1A3956D46DE8}") = "Api", "Api", "{97094B24-3C9A-C0DB-C982-4A4025DE3508}"
EndProject
Project("{FAE04EC0-301F-11D3-BF4B-00C04F79EFBC}") = "Bud.Api.Tests", "tests\Api\Bud.Api.Tests\Bud.Api.Tests.csproj", "{A26B2694-357A-40B6-A8EA-747E2554C1F2}"
EndProject
Global
	GlobalSection(SolutionConfigurationPlatforms) = preSolution
		Debug|Any CPU = Debug|Any CPU
		Debug|x64 = Debug|x64
		Debug|x86 = Debug|x86
		Release|Any CPU = Release|Any CPU
		Release|x64 = Release|x64
		Release|x86 = Release|x86
	EndGlobalSection
	GlobalSection(ProjectConfigurationPlatforms) = postSolution
		{02DBA762-A0A6-4503-A660-7D91781F0284}.Debug|Any CPU.ActiveCfg = Debug|Any CPU
		{02DBA762-A0A6-4503-A660-7D91781F0284}.Debug|Any CPU.Build.0 = Debug|Any CPU
		{02DBA762-A0A6-4503-A660-7D91781F0284}.Debug|x64.ActiveCfg = Debug|Any CPU
		{02DBA762-A0A6-4503-A660-7D91781F0284}.Debug|x64.Build.0 = Debug|Any CPU
		{02DBA762-A0A6-4503-A660-7D91781F0284}.Debug|x86.ActiveCfg = Debug|Any CPU
		{02DBA762-A0A6-4503-A660-7D91781F0284}.Debug|x86.Build.0 = Debug|Any CPU
		{02DBA762-A0A6-4503-A660-7D91781F0284}.Release|Any CPU.ActiveCfg = Release|Any CPU
		{02DBA762-A0A6-4503-A660-7D91781F0284}.Release|Any CPU.Build.0 = Release|Any CPU
		{02DBA762-A0A6-4503-A660-7D91781F0284}.Release|x64.ActiveCfg = Release|Any CPU
		{02DBA762-A0A6-4503-A660-7D91781F0284}.Release|x64.Build.0 = Release|Any CPU
		{02DBA762-A0A6-4503-A660-7D91781F0284}.Release|x86.ActiveCfg = Release|Any CPU
		{02DBA762-A0A6-4503-A660-7D91781F0284}.Release|x86.Build.0 = Release|Any CPU
		{626F2183-09DC-4DC1-94D4-7CD820709E86}.Debug|Any CPU.ActiveCfg = Debug|Any CPU
		{626F2183-09DC-4DC1-94D4-7CD820709E86}.Debug|Any CPU.Build.0 = Debug|Any CPU
		{626F2183-09DC-4DC1-94D4-7CD820709E86}.Debug|x64.ActiveCfg = Debug|Any CPU
		{626F2183-09DC-4DC1-94D4-7CD820709E86}.Debug|x64.Build.0 = Debug|Any CPU
		{626F2183-09DC-4DC1-94D4-7CD820709E86}.Debug|x86.ActiveCfg = Debug|Any CPU
		{626F2183-09DC-4DC1-94D4-7CD820709E86}.Debug|x86.Build.0 = Debug|Any CPU
		{626F2183-09DC-4DC1-94D4-7CD820709E86}.Release|Any CPU.ActiveCfg = Release|Any CPU
		{626F2183-09DC-4DC1-94D4-7CD820709E86}.Release|Any CPU.Build.0 = Release|Any CPU
		{626F2183-09DC-4DC1-94D4-7CD820709E86}.Release|x64.ActiveCfg = Release|Any CPU
		{626F2183-09DC-4DC1-94D4-7CD820709E86}.Release|x64.Build.0 = Release|Any CPU
		{626F2183-09DC-4DC1-94D4-7CD820709E86}.Release|x86.ActiveCfg = Release|Any CPU
		{626F2183-09DC-4DC1-94D4-7CD820709E86}.Release|x86.Build.0 = Release|Any CPU
		{4EBCC779-F30E-4D41-A727-1BE049EFF942}.Debug|Any CPU.ActiveCfg = Debug|Any CPU
		{4EBCC779-F30E-4D41-A727-1BE049EFF942}.Debug|Any CPU.Build.0 = Debug|Any CPU
		{4EBCC779-F30E-4D41-A727-1BE049EFF942}.Debug|x64.ActiveCfg = Debug|Any CPU
		{4EBCC779-F30E-4D41-A727-1BE049EFF942}.Debug|x64.Build.0 = Debug|Any CPU
		{4EBCC779-F30E-4D41-A727-1BE049EFF942}.Debug|x86.ActiveCfg = Debug|Any CPU
		{4EBCC779-F30E-4D41-A727-1BE049EFF942}.Debug|x86.Build.0 = Debug|Any CPU
		{4EBCC779-F30E-4D41-A727-1BE049EFF942}.Release|Any CPU.ActiveCfg = Release|Any CPU
		{4EBCC779-F30E-4D41-A727-1BE049EFF942}.Release|Any CPU.Build.0 = Release|Any CPU
		{4EBCC779-F30E-4D41-A727-1BE049EFF942}.Release|x64.ActiveCfg = Release|Any CPU
		{4EBCC779-F30E-4D41-A727-1BE049EFF942}.Release|x64.Build.0 = Release|Any CPU
		{4EBCC779-F30E-4D41-A727-1BE049EFF942}.Release|x86.ActiveCfg = Release|Any CPU
		{4EBCC779-F30E-4D41-A727-1BE049EFF942}.Release|x86.Build.0 = Release|Any CPU
		{09ECFC19-D9A2-4BB9-A6BC-57B90002A9F0}.Debug|Any CPU.ActiveCfg = Debug|Any CPU
		{09ECFC19-D9A2-4BB9-A6BC-57B90002A9F0}.Debug|Any CPU.Build.0 = Debug|Any CPU
		{09ECFC19-D9A2-4BB9-A6BC-57B90002A9F0}.Debug|x64.ActiveCfg = Debug|Any CPU
		{09ECFC19-D9A2-4BB9-A6BC-57B90002A9F0}.Debug|x64.Build.0 = Debug|Any CPU
		{09ECFC19-D9A2-4BB9-A6BC-57B90002A9F0}.Debug|x86.ActiveCfg = Debug|Any CPU
		{09ECFC19-D9A2-4BB9-A6BC-57B90002A9F0}.Debug|x86.Build.0 = Debug|Any CPU
		{09ECFC19-D9A2-4BB9-A6BC-57B90002A9F0}.Release|Any CPU.ActiveCfg = Release|Any CPU
		{09ECFC19-D9A2-4BB9-A6BC-57B90002A9F0}.Release|Any CPU.Build.0 = Release|Any CPU
		{09ECFC19-D9A2-4BB9-A6BC-57B90002A9F0}.Release|x64.ActiveCfg = Release|Any CPU
		{09ECFC19-D9A2-4BB9-A6BC-57B90002A9F0}.Release|x64.Build.0 = Release|Any CPU
		{09ECFC19-D9A2-4BB9-A6BC-57B90002A9F0}.Release|x86.ActiveCfg = Release|Any CPU
		{09ECFC19-D9A2-4BB9-A6BC-57B90002A9F0}.Release|x86.Build.0 = Release|Any CPU
		{7879701E-2F00-4F30-B4D0-5C560B2DC3E0}.Debug|Any CPU.ActiveCfg = Debug|Any CPU
		{7879701E-2F00-4F30-B4D0-5C560B2DC3E0}.Debug|Any CPU.Build.0 = Debug|Any CPU
		{7879701E-2F00-4F30-B4D0-5C560B2DC3E0}.Debug|x64.ActiveCfg = Debug|Any CPU
		{7879701E-2F00-4F30-B4D0-5C560B2DC3E0}.Debug|x64.Build.0 = Debug|Any CPU
		{7879701E-2F00-4F30-B4D0-5C560B2DC3E0}.Debug|x86.ActiveCfg = Debug|Any CPU
		{7879701E-2F00-4F30-B4D0-5C560B2DC3E0}.Debug|x86.Build.0 = Debug|Any CPU
		{7879701E-2F00-4F30-B4D0-5C560B2DC3E0}.Release|Any CPU.ActiveCfg = Release|Any CPU
		{7879701E-2F00-4F30-B4D0-5C560B2DC3E0}.Release|Any CPU.Build.0 = Release|Any CPU
		{7879701E-2F00-4F30-B4D0-5C560B2DC3E0}.Release|x64.ActiveCfg = Release|Any CPU
		{7879701E-2F00-4F30-B4D0-5C560B2DC3E0}.Release|x64.Build.0 = Release|Any CPU
		{7879701E-2F00-4F30-B4D0-5C560B2DC3E0}.Release|x86.ActiveCfg = Release|Any CPU
		{7879701E-2F00-4F30-B4D0-5C560B2DC3E0}.Release|x86.Build.0 = Release|Any CPU
		{B7587E61-A6BB-4527-9BC3-A9CD1F3FD399}.Debug|Any CPU.ActiveCfg = Debug|Any CPU
		{B7587E61-A6BB-4527-9BC3-A9CD1F3FD399}.Debug|Any CPU.Build.0 = Debug|Any CPU
		{B7587E61-A6BB-4527-9BC3-A9CD1F3FD399}.Debug|x64.ActiveCfg = Debug|Any CPU
		{B7587E61-A6BB-4527-9BC3-A9CD1F3FD399}.Debug|x64.Build.0 = Debug|Any CPU
		{B7587E61-A6BB-4527-9BC3-A9CD1F3FD399}.Debug|x86.ActiveCfg = Debug|Any CPU
		{B7587E61-A6BB-4527-9BC3-A9CD1F3FD399}.Debug|x86.Build.0 = Debug|Any CPU
		{B7587E61-A6BB-4527-9BC3-A9CD1F3FD399}.Release|Any CPU.ActiveCfg = Release|Any CPU
		{B7587E61-A6BB-4527-9BC3-A9CD1F3FD399}.Release|Any CPU.Build.0 = Release|Any CPU
		{B7587E61-A6BB-4527-9BC3-A9CD1F3FD399}.Release|x64.ActiveCfg = Release|Any CPU
		{B7587E61-A6BB-4527-9BC3-A9CD1F3FD399}.Release|x64.Build.0 = Release|Any CPU
		{B7587E61-A6BB-4527-9BC3-A9CD1F3FD399}.Release|x86.ActiveCfg = Release|Any CPU
		{B7587E61-A6BB-4527-9BC3-A9CD1F3FD399}.Release|x86.Build.0 = Release|Any CPU
		{492C3871-EFE6-4167-AFE5-9BB849674ED5}.Debug|Any CPU.ActiveCfg = Debug|Any CPU
		{492C3871-EFE6-4167-AFE5-9BB849674ED5}.Debug|Any CPU.Build.0 = Debug|Any CPU
		{492C3871-EFE6-4167-AFE5-9BB849674ED5}.Debug|x64.ActiveCfg = Debug|Any CPU
		{492C3871-EFE6-4167-AFE5-9BB849674ED5}.Debug|x64.Build.0 = Debug|Any CPU
		{492C3871-EFE6-4167-AFE5-9BB849674ED5}.Debug|x86.ActiveCfg = Debug|Any CPU
		{492C3871-EFE6-4167-AFE5-9BB849674ED5}.Debug|x86.Build.0 = Debug|Any CPU
		{492C3871-EFE6-4167-AFE5-9BB849674ED5}.Release|Any CPU.ActiveCfg = Release|Any CPU
		{492C3871-EFE6-4167-AFE5-9BB849674ED5}.Release|Any CPU.Build.0 = Release|Any CPU
		{492C3871-EFE6-4167-AFE5-9BB849674ED5}.Release|x64.ActiveCfg = Release|Any CPU
		{492C3871-EFE6-4167-AFE5-9BB849674ED5}.Release|x64.Build.0 = Release|Any CPU
		{492C3871-EFE6-4167-AFE5-9BB849674ED5}.Release|x86.ActiveCfg = Release|Any CPU
		{492C3871-EFE6-4167-AFE5-9BB849674ED5}.Release|x86.Build.0 = Release|Any CPU
		{BF60C3EE-0641-4576-AA2F-56E0B5CDE318}.Debug|Any CPU.ActiveCfg = Debug|Any CPU
		{BF60C3EE-0641-4576-AA2F-56E0B5CDE318}.Debug|Any CPU.Build.0 = Debug|Any CPU
		{BF60C3EE-0641-4576-AA2F-56E0B5CDE318}.Debug|x64.ActiveCfg = Debug|Any CPU
		{BF60C3EE-0641-4576-AA2F-56E0B5CDE318}.Debug|x64.Build.0 = Debug|Any CPU
		{BF60C3EE-0641-4576-AA2F-56E0B5CDE318}.Debug|x86.ActiveCfg = Debug|Any CPU
		{BF60C3EE-0641-4576-AA2F-56E0B5CDE318}.Debug|x86.Build.0 = Debug|Any CPU
		{BF60C3EE-0641-4576-AA2F-56E0B5CDE318}.Release|Any CPU.ActiveCfg = Release|Any CPU
		{BF60C3EE-0641-4576-AA2F-56E0B5CDE318}.Release|Any CPU.Build.0 = Release|Any CPU
		{BF60C3EE-0641-4576-AA2F-56E0B5CDE318}.Release|x64.ActiveCfg = Release|Any CPU
		{BF60C3EE-0641-4576-AA2F-56E0B5CDE318}.Release|x64.Build.0 = Release|Any CPU
		{BF60C3EE-0641-4576-AA2F-56E0B5CDE318}.Release|x86.ActiveCfg = Release|Any CPU
		{BF60C3EE-0641-4576-AA2F-56E0B5CDE318}.Release|x86.Build.0 = Release|Any CPU
		{4D230119-ACF5-44C9-B8DC-D850ED50569C}.Debug|Any CPU.ActiveCfg = Debug|Any CPU
		{4D230119-ACF5-44C9-B8DC-D850ED50569C}.Debug|Any CPU.Build.0 = Debug|Any CPU
		{4D230119-ACF5-44C9-B8DC-D850ED50569C}.Debug|x64.ActiveCfg = Debug|Any CPU
		{4D230119-ACF5-44C9-B8DC-D850ED50569C}.Debug|x64.Build.0 = Debug|Any CPU
		{4D230119-ACF5-44C9-B8DC-D850ED50569C}.Debug|x86.ActiveCfg = Debug|Any CPU
		{4D230119-ACF5-44C9-B8DC-D850ED50569C}.Debug|x86.Build.0 = Debug|Any CPU
		{4D230119-ACF5-44C9-B8DC-D850ED50569C}.Release|Any CPU.ActiveCfg = Release|Any CPU
		{4D230119-ACF5-44C9-B8DC-D850ED50569C}.Release|Any CPU.Build.0 = Release|Any CPU
		{4D230119-ACF5-44C9-B8DC-D850ED50569C}.Release|x64.ActiveCfg = Release|Any CPU
		{4D230119-ACF5-44C9-B8DC-D850ED50569C}.Release|x64.Build.0 = Release|Any CPU
		{4D230119-ACF5-44C9-B8DC-D850ED50569C}.Release|x86.ActiveCfg = Release|Any CPU
		{4D230119-ACF5-44C9-B8DC-D850ED50569C}.Release|x86.Build.0 = Release|Any CPU
		{EACC262D-DF35-4D21-9D7A-94A6ADD13A90}.Debug|Any CPU.ActiveCfg = Debug|Any CPU
		{EACC262D-DF35-4D21-9D7A-94A6ADD13A90}.Debug|Any CPU.Build.0 = Debug|Any CPU
		{EACC262D-DF35-4D21-9D7A-94A6ADD13A90}.Debug|x64.ActiveCfg = Debug|Any CPU
		{EACC262D-DF35-4D21-9D7A-94A6ADD13A90}.Debug|x64.Build.0 = Debug|Any CPU
		{EACC262D-DF35-4D21-9D7A-94A6ADD13A90}.Debug|x86.ActiveCfg = Debug|Any CPU
		{EACC262D-DF35-4D21-9D7A-94A6ADD13A90}.Debug|x86.Build.0 = Debug|Any CPU
		{EACC262D-DF35-4D21-9D7A-94A6ADD13A90}.Release|Any CPU.ActiveCfg = Release|Any CPU
		{EACC262D-DF35-4D21-9D7A-94A6ADD13A90}.Release|Any CPU.Build.0 = Release|Any CPU
		{EACC262D-DF35-4D21-9D7A-94A6ADD13A90}.Release|x64.ActiveCfg = Release|Any CPU
		{EACC262D-DF35-4D21-9D7A-94A6ADD13A90}.Release|x64.Build.0 = Release|Any CPU
		{EACC262D-DF35-4D21-9D7A-94A6ADD13A90}.Release|x86.ActiveCfg = Release|Any CPU
		{EACC262D-DF35-4D21-9D7A-94A6ADD13A90}.Release|x86.Build.0 = Release|Any CPU
		{8B326B5E-1F8C-4432-B316-BD772BF82BA8}.Debug|Any CPU.ActiveCfg = Debug|Any CPU
		{8B326B5E-1F8C-4432-B316-BD772BF82BA8}.Debug|Any CPU.Build.0 = Debug|Any CPU
		{8B326B5E-1F8C-4432-B316-BD772BF82BA8}.Debug|x64.ActiveCfg = Debug|Any CPU
		{8B326B5E-1F8C-4432-B316-BD772BF82BA8}.Debug|x64.Build.0 = Debug|Any CPU
		{8B326B5E-1F8C-4432-B316-BD772BF82BA8}.Debug|x86.ActiveCfg = Debug|Any CPU
		{8B326B5E-1F8C-4432-B316-BD772BF82BA8}.Debug|x86.Build.0 = Debug|Any CPU
		{8B326B5E-1F8C-4432-B316-BD772BF82BA8}.Release|Any CPU.ActiveCfg = Release|Any CPU
		{8B326B5E-1F8C-4432-B316-BD772BF82BA8}.Release|Any CPU.Build.0 = Release|Any CPU
		{8B326B5E-1F8C-4432-B316-BD772BF82BA8}.Release|x64.ActiveCfg = Release|Any CPU
		{8B326B5E-1F8C-4432-B316-BD772BF82BA8}.Release|x64.Build.0 = Release|Any CPU
		{8B326B5E-1F8C-4432-B316-BD772BF82BA8}.Release|x86.ActiveCfg = Release|Any CPU
		{8B326B5E-1F8C-4432-B316-BD772BF82BA8}.Release|x86.Build.0 = Release|Any CPU
		{2090F8EF-FDC4-42D2-BFA8-68A49821F7FB}.Debug|Any CPU.ActiveCfg = Debug|Any CPU
		{2090F8EF-FDC4-42D2-BFA8-68A49821F7FB}.Debug|Any CPU.Build.0 = Debug|Any CPU
		{2090F8EF-FDC4-42D2-BFA8-68A49821F7FB}.Debug|x64.ActiveCfg = Debug|Any CPU
		{2090F8EF-FDC4-42D2-BFA8-68A49821F7FB}.Debug|x64.Build.0 = Debug|Any CPU
		{2090F8EF-FDC4-42D2-BFA8-68A49821F7FB}.Debug|x86.ActiveCfg = Debug|Any CPU
		{2090F8EF-FDC4-42D2-BFA8-68A49821F7FB}.Debug|x86.Build.0 = Debug|Any CPU
		{2090F8EF-FDC4-42D2-BFA8-68A49821F7FB}.Release|Any CPU.ActiveCfg = Release|Any CPU
		{2090F8EF-FDC4-42D2-BFA8-68A49821F7FB}.Release|Any CPU.Build.0 = Release|Any CPU
		{2090F8EF-FDC4-42D2-BFA8-68A49821F7FB}.Release|x64.ActiveCfg = Release|Any CPU
		{2090F8EF-FDC4-42D2-BFA8-68A49821F7FB}.Release|x64.Build.0 = Release|Any CPU
		{2090F8EF-FDC4-42D2-BFA8-68A49821F7FB}.Release|x86.ActiveCfg = Release|Any CPU
		{2090F8EF-FDC4-42D2-BFA8-68A49821F7FB}.Release|x86.Build.0 = Release|Any CPU
		{A26B2694-357A-40B6-A8EA-747E2554C1F2}.Debug|Any CPU.ActiveCfg = Debug|Any CPU
		{A26B2694-357A-40B6-A8EA-747E2554C1F2}.Debug|Any CPU.Build.0 = Debug|Any CPU
		{A26B2694-357A-40B6-A8EA-747E2554C1F2}.Debug|x64.ActiveCfg = Debug|Any CPU
		{A26B2694-357A-40B6-A8EA-747E2554C1F2}.Debug|x64.Build.0 = Debug|Any CPU
		{A26B2694-357A-40B6-A8EA-747E2554C1F2}.Debug|x86.ActiveCfg = Debug|Any CPU
		{A26B2694-357A-40B6-A8EA-747E2554C1F2}.Debug|x86.Build.0 = Debug|Any CPU
		{A26B2694-357A-40B6-A8EA-747E2554C1F2}.Release|Any CPU.ActiveCfg = Release|Any CPU
		{A26B2694-357A-40B6-A8EA-747E2554C1F2}.Release|Any CPU.Build.0 = Release|Any CPU
		{A26B2694-357A-40B6-A8EA-747E2554C1F2}.Release|x64.ActiveCfg = Release|Any CPU
		{A26B2694-357A-40B6-A8EA-747E2554C1F2}.Release|x64.Build.0 = Release|Any CPU
		{A26B2694-357A-40B6-A8EA-747E2554C1F2}.Release|x86.ActiveCfg = Release|Any CPU
		{A26B2694-357A-40B6-A8EA-747E2554C1F2}.Release|x86.Build.0 = Release|Any CPU
	EndGlobalSection
	GlobalSection(SolutionProperties) = preSolution
		HideSolutionNode = FALSE
	EndGlobalSection
	GlobalSection(NestedProjects) = preSolution
		{E6B48023-E680-40DA-9E17-319585C26937} = {827E0CD3-B72D-47B6-A68D-7590B98EB39B}
		{02DBA762-A0A6-4503-A660-7D91781F0284} = {E6B48023-E680-40DA-9E17-319585C26937}
		{626F2183-09DC-4DC1-94D4-7CD820709E86} = {E6B48023-E680-40DA-9E17-319585C26937}
		{4EBCC779-F30E-4D41-A727-1BE049EFF942} = {E6B48023-E680-40DA-9E17-319585C26937}
		{09ECFC19-D9A2-4BB9-A6BC-57B90002A9F0} = {E6B48023-E680-40DA-9E17-319585C26937}
		{6D6ED4FF-05E4-4186-B3DE-F6D57321F03D} = {827E0CD3-B72D-47B6-A68D-7590B98EB39B}
		{7879701E-2F00-4F30-B4D0-5C560B2DC3E0} = {6D6ED4FF-05E4-4186-B3DE-F6D57321F03D}
		{C8E42992-5E42-0C2B-DBFE-AA848D06431C} = {827E0CD3-B72D-47B6-A68D-7590B98EB39B}
		{B7587E61-A6BB-4527-9BC3-A9CD1F3FD399} = {C8E42992-5E42-0C2B-DBFE-AA848D06431C}
		{492C3871-EFE6-4167-AFE5-9BB849674ED5} = {C8E42992-5E42-0C2B-DBFE-AA848D06431C}
		{0E4D4271-E6A6-4C6D-A4A1-8C6B97DE8743} = {0AB3BF05-4346-4AA6-1389-037BE0695223}
		{BF60C3EE-0641-4576-AA2F-56E0B5CDE318} = {0E4D4271-E6A6-4C6D-A4A1-8C6B97DE8743}
		{D0D6B8B0-AC35-B3FA-0B96-A9B0E4A3253E} = {0AB3BF05-4346-4AA6-1389-037BE0695223}
		{4D230119-ACF5-44C9-B8DC-D850ED50569C} = {D0D6B8B0-AC35-B3FA-0B96-A9B0E4A3253E}
		{AA729693-B437-D1F0-D453-A817F88C4370} = {0AB3BF05-4346-4AA6-1389-037BE0695223}
		{EACC262D-DF35-4D21-9D7A-94A6ADD13A90} = {AA729693-B437-D1F0-D453-A817F88C4370}
		{B611CC27-D592-8FDF-F9F1-D39D131BCC02} = {0AB3BF05-4346-4AA6-1389-037BE0695223}
		{8B326B5E-1F8C-4432-B316-BD772BF82BA8} = {B611CC27-D592-8FDF-F9F1-D39D131BCC02}
		{2CDFC2B4-03A0-2A52-1000-A892D95DD3FA} = {0AB3BF05-4346-4AA6-1389-037BE0695223}
		{2090F8EF-FDC4-42D2-BFA8-68A49821F7FB} = {2CDFC2B4-03A0-2A52-1000-A892D95DD3FA}
		{97094B24-3C9A-C0DB-C982-4A4025DE3508} = {0AB3BF05-4346-4AA6-1389-037BE0695223}
		{A26B2694-357A-40B6-A8EA-747E2554C1F2} = {97094B24-3C9A-C0DB-C982-4A4025DE3508}
	EndGlobalSection
EndGlobal
